
Microsoft Visual Studio Solution File, Format Version 12.00
# Visual Studio Version 17
VisualStudioVersion = 17.4.33110.190
MinimumVisualStudioVersion = 10.0.40219.1
Project("{9A19103F-16F7-4668-BE54-9A1E7A4F7556}") = "BankUnitTests", "..\BankUnitTests\BankUnitTests.csproj", "{8BDAF53F-03AE-493C-BFB3-AE03B3405542}"
	ProjectSection(ProjectDependencies) = postProject
		{1EA580C7-3B42-4466-8544-F838FCE5ABBB} = {1EA580C7-3B42-4466-8544-F838FCE5ABBB}
	EndProjectSection
EndProject
Project("{FAE04EC0-301F-11D3-BF4B-00C04F79EFBC}") = "BankCode", "..\BankCode\BankCode.csproj", "{1EA580C7-3B42-4466-8544-F838FCE5ABBB}"
EndProject
Global
	GlobalSection(SolutionConfigurationPlatforms) = preSolution
		Debug|Any CPU = Debug|Any CPU
		Release|Any CPU = Release|Any CPU
	EndGlobalSection
	GlobalSection(ProjectConfigurationPlatforms) = postSolution
		{8BDAF53F-03AE-493C-BFB3-AE03B3405542}.Debug|Any CPU.ActiveCfg = Debug|Any CPU
		{8BDAF53F-03AE-493C-BFB3-AE03B3405542}.Debug|Any CPU.Build.0 = Debug|Any CPU
		{8BDAF53F-03AE-493C-BFB3-AE03B3405542}.Release|Any CPU.ActiveCfg = Release|Any CPU
		{8BDAF53F-03AE-493C-BFB3-AE03B3405542}.Release|Any CPU.Build.0 = Release|Any CPU
		{1EA580C7-3B42-4466-8544-F838FCE5ABBB}.Debug|Any CPU.ActiveCfg = Debug|Any CPU
		{1EA580C7-3B42-4466-8544-F838FCE5ABBB}.Debug|Any CPU.Build.0 = Debug|Any CPU
		{1EA580C7-3B42-4466-8544-F838FCE5ABBB}.Release|Any CPU.ActiveCfg = Release|Any CPU
		{1EA580C7-3B42-4466-8544-F838FCE5ABBB}.Release|Any CPU.Build.0 = Release|Any CPU
	EndGlobalSection
	GlobalSection(SolutionProperties) = preSolution
		HideSolutionNode = FALSE
	EndGlobalSection
	GlobalSection(ExtensibilityGlobals) = postSolution
		SolutionGuid = {393ACEBA-AD4C-4EBD-A05E-7A41DB210E71}
	EndGlobalSection
EndGlobal
