
Microsoft Visual Studio Solution File, Format Version 12.00
# Visual Studio Version 17
VisualStudioVersion = 17.4.33110.190
MinimumVisualStudioVersion = 10.0.40219.1
Project("{FAE04EC0-301F-11D3-BF4B-00C04F79EFBC}") = "AsyncLockMonitorMutexSemaphoreTest", "AsyncLockMonitorMutexSemaphoreTest.csproj", "{269B6BBC-0E0A-4BD4-B559-89E3849557C8}"
EndProject
Global
	GlobalSection(SolutionConfigurationPlatforms) = preSolution
		Debug|Any CPU = Debug|Any CPU
		Release|Any CPU = Release|Any CPU
	EndGlobalSection
	GlobalSection(ProjectConfigurationPlatforms) = postSolution
		{269B6BBC-0E0A-4BD4-B559-89E3849557C8}.Debug|Any CPU.ActiveCfg = Debug|Any CPU
		{269B6BBC-0E0A-4BD4-B559-89E3849557C8}.Debug|Any CPU.Build.0 = Debug|Any CPU
		{269B6BBC-0E0A-4BD4-B559-89E3849557C8}.Release|Any CPU.ActiveCfg = Release|Any CPU
		{269B6BBC-0E0A-4BD4-B559-89E3849557C8}.Release|Any CPU.Build.0 = Release|Any CPU
	EndGlobalSection
	GlobalSection(SolutionProperties) = preSolution
		HideSolutionNode = FALSE
	EndGlobalSection
	GlobalSection(ExtensibilityGlobals) = postSolution
		SolutionGuid = {6470594F-21B4-4470-9194-69D49234AA74}
	EndGlobalSection
EndGlobal
