
Microsoft Visual Studio Solution File, Format Version 12.00
# Visual Studio Version 16
VisualStudioVersion = 16.0.31829.152
MinimumVisualStudioVersion = 10.0.40219.1
Project("{FAE04EC0-301F-11D3-BF4B-00C04F79EFBC}") = "SubscriberPublisher", "SubscriberPublisher.csproj", "{01518FB9-C24B-4661-BD2C-C2B4F259FF17}"
EndProject
Global
	GlobalSection(SolutionConfigurationPlatforms) = preSolution
		Debug|Any CPU = Debug|Any CPU
		Release|Any CPU = Release|Any CPU
	EndGlobalSection
	GlobalSection(ProjectConfigurationPlatforms) = postSolution
		{01518FB9-C24B-4661-BD2C-C2B4F259FF17}.Debug|Any CPU.ActiveCfg = Debug|Any CPU
		{01518FB9-C24B-4661-BD2C-C2B4F259FF17}.Debug|Any CPU.Build.0 = Debug|Any CPU
		{01518FB9-C24B-4661-BD2C-C2B4F259FF17}.Release|Any CPU.ActiveCfg = Release|Any CPU
		{01518FB9-C24B-4661-BD2C-C2B4F259FF17}.Release|Any CPU.Build.0 = Release|Any CPU
	EndGlobalSection
	GlobalSection(SolutionProperties) = preSolution
		HideSolutionNode = FALSE
	EndGlobalSection
	GlobalSection(ExtensibilityGlobals) = postSolution
		SolutionGuid = {05CC4539-0EAE-40AE-80E6-6AF163551F32}
	EndGlobalSection
EndGlobal
