
Microsoft Visual Studio Solution File, Format Version 12.00
# Visual Studio Version 17
VisualStudioVersion = 17.2.32630.192
MinimumVisualStudioVersion = 10.0.40219.1
Project("{9A19103F-16F7-4668-BE54-9A1E7A4F7556}") = "obl.opg.asp", "obl.opg.asp\obl.opg.asp.csproj", "{2120395F-FDEF-45DE-99C4-3A4BDEF6198C}"
EndProject
Global
	GlobalSection(SolutionConfigurationPlatforms) = preSolution
		Debug|Any CPU = Debug|Any CPU
		Release|Any CPU = Release|Any CPU
	EndGlobalSection
	GlobalSection(ProjectConfigurationPlatforms) = postSolution
		{2120395F-FDEF-45DE-99C4-3A4BDEF6198C}.Debug|Any CPU.ActiveCfg = Debug|Any CPU
		{2120395F-FDEF-45DE-99C4-3A4BDEF6198C}.Debug|Any CPU.Build.0 = Debug|Any CPU
		{2120395F-FDEF-45DE-99C4-3A4BDEF6198C}.Release|Any CPU.ActiveCfg = Release|Any CPU
		{2120395F-FDEF-45DE-99C4-3A4BDEF6198C}.Release|Any CPU.Build.0 = Release|Any CPU
	EndGlobalSection
	GlobalSection(SolutionProperties) = preSolution
		HideSolutionNode = FALSE
	EndGlobalSection
	GlobalSection(ExtensibilityGlobals) = postSolution
		SolutionGuid = {72AEB9E9-5A88-4A57-8B14-C2B8FB86C2BA}
	EndGlobalSection
EndGlobal
